// !$*UTF8*$!
{
	archiveVersion = 1;
	classes = {
	};
	objectVersion = 55;
	objects = {

/* Begin PBXBuildFile section */
		74DF75442713844000FA7072 /* AppDelegate.swift in Sources */ = {isa = PBXBuildFile; fileRef = 74DF75432713844000FA7072 /* AppDelegate.swift */; };
		74DF75462713844000FA7072 /* SceneDelegate.swift in Sources */ = {isa = PBXBuildFile; fileRef = 74DF75452713844000FA7072 /* SceneDelegate.swift */; };
		74DF75482713844000FA7072 /* ViewController.swift in Sources */ = {isa = PBXBuildFile; fileRef = 74DF75472713844000FA7072 /* ViewController.swift */; };
		74DF754B2713844000FA7072 /* Main.storyboard in Resources */ = {isa = PBXBuildFile; fileRef = 74DF75492713844000FA7072 /* Main.storyboard */; };
		74DF754D2713844100FA7072 /* Assets.xcassets in Resources */ = {isa = PBXBuildFile; fileRef = 74DF754C2713844100FA7072 /* Assets.xcassets */; };
		74DF75502713844100FA7072 /* LaunchScreen.storyboard in Resources */ = {isa = PBXBuildFile; fileRef = 74DF754E2713844100FA7072 /* LaunchScreen.storyboard */; };
		74DF755B2713844200FA7072 /* AutoLoginFuncTests.swift in Sources */ = {isa = PBXBuildFile; fileRef = 74DF755A2713844200FA7072 /* AutoLoginFuncTests.swift */; };
		74DF75652713844200FA7072 /* AutoLoginFuncUITests.swift in Sources */ = {isa = PBXBuildFile; fileRef = 74DF75642713844200FA7072 /* AutoLoginFuncUITests.swift */; };
		74DF75672713844200FA7072 /* AutoLoginFuncUITestsLaunchTests.swift in Sources */ = {isa = PBXBuildFile; fileRef = 74DF75662713844200FA7072 /* AutoLoginFuncUITestsLaunchTests.swift */; };
		74DF75742713B0C200FA7072 /* HomeViewController.swift in Sources */ = {isa = PBXBuildFile; fileRef = 74DF75732713B0C200FA7072 /* HomeViewController.swift */; };
/* End PBXBuildFile section */

/* Begin PBXContainerItemProxy section */
		74DF75572713844200FA7072 /* PBXContainerItemProxy */ = {
			isa = PBXContainerItemProxy;
			containerPortal = 74DF75382713844000FA7072 /* Project object */;
			proxyType = 1;
			remoteGlobalIDString = 74DF753F2713844000FA7072;
			remoteInfo = AutoLoginFunc;
		};
		74DF75612713844200FA7072 /* PBXContainerItemProxy */ = {
			isa = PBXContainerItemProxy;
			containerPortal = 74DF75382713844000FA7072 /* Project object */;
			proxyType = 1;
			remoteGlobalIDString = 74DF753F2713844000FA7072;
			remoteInfo = AutoLoginFunc;
		};
/* End PBXContainerItemProxy section */

/* Begin PBXFileReference section */
		74DF75402713844000FA7072 /* AutoLoginFunc.app */ = {isa = PBXFileReference; explicitFileType = wrapper.application; includeInIndex = 0; path = AutoLoginFunc.app; sourceTree = BUILT_PRODUCTS_DIR; };
		74DF75432713844000FA7072 /* AppDelegate.swift */ = {isa = PBXFileReference; lastKnownFileType = sourcecode.swift; path = AppDelegate.swift; sourceTree = "<group>"; };
		74DF75452713844000FA7072 /* SceneDelegate.swift */ = {isa = PBXFileReference; lastKnownFileType = sourcecode.swift; path = SceneDelegate.swift; sourceTree = "<group>"; };
		74DF75472713844000FA7072 /* ViewController.swift */ = {isa = PBXFileReference; lastKnownFileType = sourcecode.swift; path = ViewController.swift; sourceTree = "<group>"; };
		74DF754A2713844000FA7072 /* Base */ = {isa = PBXFileReference; lastKnownFileType = file.storyboard; name = Base; path = Base.lproj/Main.storyboard; sourceTree = "<group>"; };
		74DF754C2713844100FA7072 /* Assets.xcassets */ = {isa = PBXFileReference; lastKnownFileType = folder.assetcatalog; path = Assets.xcassets; sourceTree = "<group>"; };
		74DF754F2713844100FA7072 /* Base */ = {isa = PBXFileReference; lastKnownFileType = file.storyboard; name = Base; path = Base.lproj/LaunchScreen.storyboard; sourceTree = "<group>"; };
		74DF75512713844100FA7072 /* Info.plist */ = {isa = PBXFileReference; lastKnownFileType = text.plist.xml; path = Info.plist; sourceTree = "<group>"; };
		74DF75562713844200FA7072 /* AutoLoginFuncTests.xctest */ = {isa = PBXFileReference; explicitFileType = wrapper.cfbundle; includeInIndex = 0; path = AutoLoginFuncTests.xctest; sourceTree = BUILT_PRODUCTS_DIR; };
		74DF755A2713844200FA7072 /* AutoLoginFuncTests.swift */ = {isa = PBXFileReference; lastKnownFileType = sourcecode.swift; path = AutoLoginFuncTests.swift; sourceTree = "<group>"; };
		74DF75602713844200FA7072 /* AutoLoginFuncUITests.xctest */ = {isa = PBXFileReference; explicitFileType = wrapper.cfbundle; includeInIndex = 0; path = AutoLoginFuncUITests.xctest; sourceTree = BUILT_PRODUCTS_DIR; };
		74DF75642713844200FA7072 /* AutoLoginFuncUITests.swift */ = {isa = PBXFileReference; lastKnownFileType = sourcecode.swift; path = AutoLoginFuncUITests.swift; sourceTree = "<group>"; };
		74DF75662713844200FA7072 /* AutoLoginFuncUITestsLaunchTests.swift */ = {isa = PBXFileReference; lastKnownFileType = sourcecode.swift; path = AutoLoginFuncUITestsLaunchTests.swift; sourceTree = "<group>"; };
		74DF75732713B0C200FA7072 /* HomeViewController.swift */ = {isa = PBXFileReference; lastKnownFileType = sourcecode.swift; path = HomeViewController.swift; sourceTree = "<group>"; };
/* End PBXFileReference section */

/* Begin PBXFrameworksBuildPhase section */
		74DF753D2713844000FA7072 /* Frameworks */ = {
			isa = PBXFrameworksBuildPhase;
			buildActionMask = 2147483647;
			files = (
			);
			runOnlyForDeploymentPostprocessing = 0;
		};
		74DF75532713844200FA7072 /* Frameworks */ = {
			isa = PBXFrameworksBuildPhase;
			buildActionMask = 2147483647;
			files = (
			);
			runOnlyForDeploymentPostprocessing = 0;
		};
		74DF755D2713844200FA7072 /* Frameworks */ = {
			isa = PBXFrameworksBuildPhase;
			buildActionMask = 2147483647;
			files = (
			);
			runOnlyForDeploymentPostprocessing = 0;
		};
/* End PBXFrameworksBuildPhase section */

/* Begin PBXGroup section */
		74DF75372713844000FA7072 = {
			isa = PBXGroup;
			children = (
				74DF75422713844000FA7072 /* AutoLoginFunc */,
				74DF75592713844200FA7072 /* AutoLoginFuncTests */,
				74DF75632713844200FA7072 /* AutoLoginFuncUITests */,
				74DF75412713844000FA7072 /* Products */,
			);
			sourceTree = "<group>";
		};
		74DF75412713844000FA7072 /* Products */ = {
			isa = PBXGroup;
			children = (
				74DF75402713844000FA7072 /* AutoLoginFunc.app */,
				74DF75562713844200FA7072 /* AutoLoginFuncTests.xctest */,
				74DF75602713844200FA7072 /* AutoLoginFuncUITests.xctest */,
			);
			name = Products;
			sourceTree = "<group>";
		};
		74DF75422713844000FA7072 /* AutoLoginFunc */ = {
			isa = PBXGroup;
			children = (
				74DF75432713844000FA7072 /* AppDelegate.swift */,
				74DF75452713844000FA7072 /* SceneDelegate.swift */,
				74DF75472713844000FA7072 /* ViewController.swift */,
				74DF75492713844000FA7072 /* Main.storyboard */,
				74DF754C2713844100FA7072 /* Assets.xcassets */,
				74DF754E2713844100FA7072 /* LaunchScreen.storyboard */,
				74DF75512713844100FA7072 /* Info.plist */,
				74DF75732713B0C200FA7072 /* HomeViewController.swift */,
			);
			path = AutoLoginFunc;
			sourceTree = "<group>";
		};
		74DF75592713844200FA7072 /* AutoLoginFuncTests */ = {
			isa = PBXGroup;
			children = (
				74DF755A2713844200FA7072 /* AutoLoginFuncTests.swift */,
			);
			path = AutoLoginFuncTests;
			sourceTree = "<group>";
		};
		74DF75632713844200FA7072 /* AutoLoginFuncUITests */ = {
			isa = PBXGroup;
			children = (
				74DF75642713844200FA7072 /* AutoLoginFuncUITests.swift */,
				74DF75662713844200FA7072 /* AutoLoginFuncUITestsLaunchTests.swift */,
			);
			path = AutoLoginFuncUITests;
			sourceTree = "<group>";
		};
/* End PBXGroup section */

/* Begin PBXNativeTarget section */
		74DF753F2713844000FA7072 /* AutoLoginFunc */ = {
			isa = PBXNativeTarget;
			buildConfigurationList = 74DF756A2713844200FA7072 /* Build configuration list for PBXNativeTarget "AutoLoginFunc" */;
			buildPhases = (
				74DF753C2713844000FA7072 /* Sources */,
				74DF753D2713844000FA7072 /* Frameworks */,
				74DF753E2713844000FA7072 /* Resources */,
			);
			buildRules = (
			);
			dependencies = (
			);
			name = AutoLoginFunc;
			productName = AutoLoginFunc;
			productReference = 74DF75402713844000FA7072 /* AutoLoginFunc.app */;
			productType = "com.apple.product-type.application";
		};
		74DF75552713844200FA7072 /* AutoLoginFuncTests */ = {
			isa = PBXNativeTarget;
			buildConfigurationList = 74DF756D2713844200FA7072 /* Build configuration list for PBXNativeTarget "AutoLoginFuncTests" */;
			buildPhases = (
				74DF75522713844200FA7072 /* Sources */,
				74DF75532713844200FA7072 /* Frameworks */,
				74DF75542713844200FA7072 /* Resources */,
			);
			buildRules = (
			);
			dependencies = (
				74DF75582713844200FA7072 /* PBXTargetDependency */,
			);
			name = AutoLoginFuncTests;
			productName = AutoLoginFuncTests;
			productReference = 74DF75562713844200FA7072 /* AutoLoginFuncTests.xctest */;
			productType = "com.apple.product-type.bundle.unit-test";
		};
		74DF755F2713844200FA7072 /* AutoLoginFuncUITests */ = {
			isa = PBXNativeTarget;
			buildConfigurationList = 74DF75702713844200FA7072 /* Build configuration list for PBXNativeTarget "AutoLoginFuncUITests" */;
			buildPhases = (
				74DF755C2713844200FA7072 /* Sources */,
				74DF755D2713844200FA7072 /* Frameworks */,
				74DF755E2713844200FA7072 /* Resources */,
			);
			buildRules = (
			);
			dependencies = (
				74DF75622713844200FA7072 /* PBXTargetDependency */,
			);
			name = AutoLoginFuncUITests;
			productName = AutoLoginFuncUITests;
			productReference = 74DF75602713844200FA7072 /* AutoLoginFuncUITests.xctest */;
			productType = "com.apple.product-type.bundle.ui-testing";
		};
/* End PBXNativeTarget section */

/* Begin PBXProject section */
		74DF75382713844000FA7072 /* Project object */ = {
			isa = PBXProject;
			attributes = {
				BuildIndependentTargetsInParallel = 1;
				LastSwiftUpdateCheck = 1300;
				LastUpgradeCheck = 1300;
				TargetAttributes = {
					74DF753F2713844000FA7072 = {
						CreatedOnToolsVersion = 13.0;
					};
					74DF75552713844200FA7072 = {
						CreatedOnToolsVersion = 13.0;
						TestTargetID = 74DF753F2713844000FA7072;
					};
					74DF755F2713844200FA7072 = {
						CreatedOnToolsVersion = 13.0;
						TestTargetID = 74DF753F2713844000FA7072;
					};
				};
			};
			buildConfigurationList = 74DF753B2713844000FA7072 /* Build configuration list for PBXProject "AutoLoginFunc" */;
			compatibilityVersion = "Xcode 13.0";
			developmentRegion = en;
			hasScannedForEncodings = 0;
			knownRegions = (
				en,
				Base,
			);
			mainGroup = 74DF75372713844000FA7072;
			productRefGroup = 74DF75412713844000FA7072 /* Products */;
			projectDirPath = "";
			projectRoot = "";
			targets = (
				74DF753F2713844000FA7072 /* AutoLoginFunc */,
				74DF75552713844200FA7072 /* AutoLoginFuncTests */,
				74DF755F2713844200FA7072 /* AutoLoginFuncUITests */,
			);
		};
/* End PBXProject section */

/* Begin PBXResourcesBuildPhase section */
		74DF753E2713844000FA7072 /* Resources */ = {
			isa = PBXResourcesBuildPhase;
			buildActionMask = 2147483647;
			files = (
				74DF75502713844100FA7072 /* LaunchScreen.storyboard in Resources */,
				74DF754D2713844100FA7072 /* Assets.xcassets in Resources */,
				74DF754B2713844000FA7072 /* Main.storyboard in Resources */,
			);
			runOnlyForDeploymentPostprocessing = 0;
		};
		74DF75542713844200FA7072 /* Resources */ = {
			isa = PBXResourcesBuildPhase;
			buildActionMask = 2147483647;
			files = (
			);
			runOnlyForDeploymentPostprocessing = 0;
		};
		74DF755E2713844200FA7072 /* Resources */ = {
			isa = PBXResourcesBuildPhase;
			buildActionMask = 2147483647;
			files = (
			);
			runOnlyForDeploymentPostprocessing = 0;
		};
/* End PBXResourcesBuildPhase section */

/* Begin PBXSourcesBuildPhase section */
		74DF753C2713844000FA7072 /* Sources */ = {
			isa = PBXSourcesBuildPhase;
			buildActionMask = 2147483647;
			files = (
				74DF75482713844000FA7072 /* ViewController.swift in Sources */,
				74DF75442713844000FA7072 /* AppDelegate.swift in Sources */,
				74DF75462713844000FA7072 /* SceneDelegate.swift in Sources */,
				74DF75742713B0C200FA7072 /* HomeViewController.swift in Sources */,
			);
			runOnlyForDeploymentPostprocessing = 0;
		};
		74DF75522713844200FA7072 /* Sources */ = {
			isa = PBXSourcesBuildPhase;
			buildActionMask = 2147483647;
			files = (
				74DF755B2713844200FA7072 /* AutoLoginFuncTests.swift in Sources */,
			);
			runOnlyForDeploymentPostprocessing = 0;
		};
		74DF755C2713844200FA7072 /* Sources */ = {
			isa = PBXSourcesBuildPhase;
			buildActionMask = 2147483647;
			files = (
				74DF75652713844200FA7072 /* AutoLoginFuncUITests.swift in Sources */,
				74DF75672713844200FA7072 /* AutoLoginFuncUITestsLaunchTests.swift in Sources */,
			);
			runOnlyForDeploymentPostprocessing = 0;
		};
/* End PBXSourcesBuildPhase section */

/* Begin PBXTargetDependency section */
		74DF75582713844200FA7072 /* PBXTargetDependency */ = {
			isa = PBXTargetDependency;
			target = 74DF753F2713844000FA7072 /* AutoLoginFunc */;
			targetProxy = 74DF75572713844200FA7072 /* PBXContainerItemProxy */;
		};
		74DF75622713844200FA7072 /* PBXTargetDependency */ = {
			isa = PBXTargetDependency;
			target = 74DF753F2713844000FA7072 /* AutoLoginFunc */;
			targetProxy = 74DF75612713844200FA7072 /* PBXContainerItemProxy */;
		};
/* End PBXTargetDependency section */

/* Begin PBXVariantGroup section */
		74DF75492713844000FA7072 /* Main.storyboard */ = {
			isa = PBXVariantGroup;
			children = (
				74DF754A2713844000FA7072 /* Base */,
			);
			name = Main.storyboard;
			sourceTree = "<group>";
		};
		74DF754E2713844100FA7072 /* LaunchScreen.storyboard */ = {
			isa = PBXVariantGroup;
			children = (
				74DF754F2713844100FA7072 /* Base */,
			);
			name = LaunchScreen.storyboard;
			sourceTree = "<group>";
		};
/* End PBXVariantGroup section */

/* Begin XCBuildConfiguration section */
		74DF75682713844200FA7072 /* Debug */ = {
			isa = XCBuildConfiguration;
			buildSettings = {
				ALWAYS_SEARCH_USER_PATHS = NO;
				CLANG_ANALYZER_NONNULL = YES;
				CLANG_ANALYZER_NUMBER_OBJECT_CONVERSION = YES_AGGRESSIVE;
				CLANG_CXX_LANGUAGE_STANDARD = "gnu++17";
				CLANG_CXX_LIBRARY = "libc++";
				CLANG_ENABLE_MODULES = YES;
				CLANG_ENABLE_OBJC_ARC = YES;
				CLANG_ENABLE_OBJC_WEAK = YES;
				CLANG_WARN_BLOCK_CAPTURE_AUTORELEASING = YES;
				CLANG_WARN_BOOL_CONVERSION = YES;
				CLANG_WARN_COMMA = YES;
				CLANG_WARN_CONSTANT_CONVERSION = YES;
				CLANG_WARN_DEPRECATED_OBJC_IMPLEMENTATIONS = YES;
				CLANG_WARN_DIRECT_OBJC_ISA_USAGE = YES_ERROR;
				CLANG_WARN_DOCUMENTATION_COMMENTS = YES;
				CLANG_WARN_EMPTY_BODY = YES;
				CLANG_WARN_ENUM_CONVERSION = YES;
				CLANG_WARN_INFINITE_RECURSION = YES;
				CLANG_WARN_INT_CONVERSION = YES;
				CLANG_WARN_NON_LITERAL_NULL_CONVERSION = YES;
				CLANG_WARN_OBJC_IMPLICIT_RETAIN_SELF = YES;
				CLANG_WARN_OBJC_LITERAL_CONVERSION = YES;
				CLANG_WARN_OBJC_ROOT_CLASS = YES_ERROR;
				CLANG_WARN_QUOTED_INCLUDE_IN_FRAMEWORK_HEADER = YES;
				CLANG_WARN_RANGE_LOOP_ANALYSIS = YES;
				CLANG_WARN_STRICT_PROTOTYPES = YES;
				CLANG_WARN_SUSPICIOUS_MOVE = YES;
				CLANG_WARN_UNGUARDED_AVAILABILITY = YES_AGGRESSIVE;
				CLANG_WARN_UNREACHABLE_CODE = YES;
				CLANG_WARN__DUPLICATE_METHOD_MATCH = YES;
				COPY_PHASE_STRIP = NO;
				DEBUG_INFORMATION_FORMAT = dwarf;
				ENABLE_STRICT_OBJC_MSGSEND = YES;
				ENABLE_TESTABILITY = YES;
				GCC_C_LANGUAGE_STANDARD = gnu11;
				GCC_DYNAMIC_NO_PIC = NO;
				GCC_NO_COMMON_BLOCKS = YES;
				GCC_OPTIMIZATION_LEVEL = 0;
				GCC_PREPROCESSOR_DEFINITIONS = (
					"DEBUG=1",
					"$(inherited)",
				);
				GCC_WARN_64_TO_32_BIT_CONVERSION = YES;
				GCC_WARN_ABOUT_RETURN_TYPE = YES_ERROR;
				GCC_WARN_UNDECLARED_SELECTOR = YES;
				GCC_WARN_UNINITIALIZED_AUTOS = YES_AGGRESSIVE;
				GCC_WARN_UNUSED_FUNCTION = YES;
				GCC_WARN_UNUSED_VARIABLE = YES;
				IPHONEOS_DEPLOYMENT_TARGET = 15.0;
				MTL_ENABLE_DEBUG_INFO = INCLUDE_SOURCE;
				MTL_FAST_MATH = YES;
				ONLY_ACTIVE_ARCH = YES;
				SDKROOT = iphoneos;
				SWIFT_ACTIVE_COMPILATION_CONDITIONS = DEBUG;
				SWIFT_OPTIMIZATION_LEVEL = "-Onone";
			};
			name = Debug;
		};
		74DF75692713844200FA7072 /* Release */ = {
			isa = XCBuildConfiguration;
			buildSettings = {
				ALWAYS_SEARCH_USER_PATHS = NO;
				CLANG_ANALYZER_NONNULL = YES;
				CLANG_ANALYZER_NUMBER_OBJECT_CONVERSION = YES_AGGRESSIVE;
				CLANG_CXX_LANGUAGE_STANDARD = "gnu++17";
				CLANG_CXX_LIBRARY = "libc++";
				CLANG_ENABLE_MODULES = YES;
				CLANG_ENABLE_OBJC_ARC = YES;
				CLANG_ENABLE_OBJC_WEAK = YES;
				CLANG_WARN_BLOCK_CAPTURE_AUTORELEASING = YES;
				CLANG_WARN_BOOL_CONVERSION = YES;
				CLANG_WARN_COMMA = YES;
				CLANG_WARN_CONSTANT_CONVERSION = YES;
				CLANG_WARN_DEPRECATED_OBJC_IMPLEMENTATIONS = YES;
				CLANG_WARN_DIRECT_OBJC_ISA_USAGE = YES_ERROR;
				CLANG_WARN_DOCUMENTATION_COMMENTS = YES;
				CLANG_WARN_EMPTY_BODY = YES;
				CLANG_WARN_ENUM_CONVERSION = YES;
				CLANG_WARN_INFINITE_RECURSION = YES;
				CLANG_WARN_INT_CONVERSION = YES;
				CLANG_WARN_NON_LITERAL_NULL_CONVERSION = YES;
				CLANG_WARN_OBJC_IMPLICIT_RETAIN_SELF = YES;
				CLANG_WARN_OBJC_LITERAL_CONVERSION = YES;
				CLANG_WARN_OBJC_ROOT_CLASS = YES_ERROR;
				CLANG_WARN_QUOTED_INCLUDE_IN_FRAMEWORK_HEADER = YES;
				CLANG_WARN_RANGE_LOOP_ANALYSIS = YES;
				CLANG_WARN_STRICT_PROTOTYPES = YES;
				CLANG_WARN_SUSPICIOUS_MOVE = YES;
				CLANG_WARN_UNGUARDED_AVAILABILITY = YES_AGGRESSIVE;
				CLANG_WARN_UNREACHABLE_CODE = YES;
				CLANG_WARN__DUPLICATE_METHOD_MATCH = YES;
				COPY_PHASE_STRIP = NO;
				DEBUG_INFORMATION_FORMAT = "dwarf-with-dsym";
				ENABLE_NS_ASSERTIONS = NO;
				ENABLE_STRICT_OBJC_MSGSEND = YES;
				GCC_C_LANGUAGE_STANDARD = gnu11;
				GCC_NO_COMMON_BLOCKS = YES;
				GCC_WARN_64_TO_32_BIT_CONVERSION = YES;
				GCC_WARN_ABOUT_RETURN_TYPE = YES_ERROR;
				GCC_WARN_UNDECLARED_SELECTOR = YES;
				GCC_WARN_UNINITIALIZED_AUTOS = YES_AGGRESSIVE;
				GCC_WARN_UNUSED_FUNCTION = YES;
				GCC_WARN_UNUSED_VARIABLE = YES;
				IPHONEOS_DEPLOYMENT_TARGET = 15.0;
				MTL_ENABLE_DEBUG_INFO = NO;
				MTL_FAST_MATH = YES;
				SDKROOT = iphoneos;
				SWIFT_COMPILATION_MODE = wholemodule;
				SWIFT_OPTIMIZATION_LEVEL = "-O";
				VALIDATE_PRODUCT = YES;
			};
			name = Release;
		};
		74DF756B2713844200FA7072 /* Debug */ = {
			isa = XCBuildConfiguration;
			buildSettings = {
				ASSETCATALOG_COMPILER_APPICON_NAME = AppIcon;
				ASSETCATALOG_COMPILER_GLOBAL_ACCENT_COLOR_NAME = AccentColor;
				CODE_SIGN_STYLE = Automatic;
				CURRENT_PROJECT_VERSION = 1;
				GENERATE_INFOPLIST_FILE = YES;
				INFOPLIST_FILE = AutoLoginFunc/Info.plist;
				INFOPLIST_KEY_UIApplicationSupportsIndirectInputEvents = YES;
				INFOPLIST_KEY_UILaunchStoryboardName = LaunchScreen;
				INFOPLIST_KEY_UIMainStoryboardFile = Main;
				INFOPLIST_KEY_UISupportedInterfaceOrientations = UIInterfaceOrientationPortrait;
				INFOPLIST_KEY_UISupportedInterfaceOrientations_iPad = "UIInterfaceOrientationPortrait UIInterfaceOrientationPortraitUpsideDown UIInterfaceOrientationLandscapeLeft UIInterfaceOrientationLandscapeRight";
				INFOPLIST_KEY_UISupportedInterfaceOrientations_iPhone = "UIInterfaceOrientationPortrait UIInterfaceOrientationLandscapeLeft UIInterfaceOrientationLandscapeRight";
				LD_RUNPATH_SEARCH_PATHS = (
					"$(inherited)",
					"@executable_path/Frameworks",
				);
				MARKETING_VERSION = 1.0;
				PRODUCT_BUNDLE_IDENTIFIER = com.pucminas.AutoLoginFunc.AutoLoginFunc;
				PRODUCT_NAME = "$(TARGET_NAME)";
				SWIFT_EMIT_LOC_STRINGS = YES;
				SWIFT_VERSION = 5.0;
				TARGETED_DEVICE_FAMILY = "1,2";
			};
			name = Debug;
		};
		74DF756C2713844200FA7072 /* Release */ = {
			isa = XCBuildConfiguration;
			buildSettings = {
				ASSETCATALOG_COMPILER_APPICON_NAME = AppIcon;
				ASSETCATALOG_COMPILER_GLOBAL_ACCENT_COLOR_NAME = AccentColor;
				CODE_SIGN_STYLE = Automatic;
				CURRENT_PROJECT_VERSION = 1;
				GENERATE_INFOPLIST_FILE = YES;
				INFOPLIST_FILE = AutoLoginFunc/Info.plist;
				INFOPLIST_KEY_UIApplicationSupportsIndirectInputEvents = YES;
				INFOPLIST_KEY_UILaunchStoryboardName = LaunchScreen;
				INFOPLIST_KEY_UIMainStoryboardFile = Main;
				INFOPLIST_KEY_UISupportedInterfaceOrientations = UIInterfaceOrientationPortrait;
				INFOPLIST_KEY_UISupportedInterfaceOrientations_iPad = "UIInterfaceOrientationPortrait UIInterfaceOrientationPortraitUpsideDown UIInterfaceOrientationLandscapeLeft UIInterfaceOrientationLandscapeRight";
				INFOPLIST_KEY_UISupportedInterfaceOrientations_iPhone = "UIInterfaceOrientationPortrait UIInterfaceOrientationLandscapeLeft UIInterfaceOrientationLandscapeRight";
				LD_RUNPATH_SEARCH_PATHS = (
					"$(inherited)",
					"@executable_path/Frameworks",
				);
				MARKETING_VERSION = 1.0;
				PRODUCT_BUNDLE_IDENTIFIER = com.pucminas.AutoLoginFunc.AutoLoginFunc;
				PRODUCT_NAME = "$(TARGET_NAME)";
				SWIFT_EMIT_LOC_STRINGS = YES;
				SWIFT_VERSION = 5.0;
				TARGETED_DEVICE_FAMILY = "1,2";
			};
			name = Release;
		};
		74DF756E2713844200FA7072 /* Debug */ = {
			isa = XCBuildConfiguration;
			buildSettings = {
				ALWAYS_EMBED_SWIFT_STANDARD_LIBRARIES = YES;
				BUNDLE_LOADER = "$(TEST_HOST)";
				CODE_SIGN_STYLE = Automatic;
				CURRENT_PROJECT_VERSION = 1;
				GENERATE_INFOPLIST_FILE = YES;
				IPHONEOS_DEPLOYMENT_TARGET = 15.0;
				LD_RUNPATH_SEARCH_PATHS = (
					"$(inherited)",
					"@executable_path/Frameworks",
					"@loader_path/Frameworks",
				);
				MARKETING_VERSION = 1.0;
				PRODUCT_BUNDLE_IDENTIFIER = com.pucminas.AutoLoginFunc.AutoLoginFuncTests;
				PRODUCT_NAME = "$(TARGET_NAME)";
				SWIFT_EMIT_LOC_STRINGS = NO;
				SWIFT_VERSION = 5.0;
				TARGETED_DEVICE_FAMILY = "1,2";
				TEST_HOST = "$(BUILT_PRODUCTS_DIR)/AutoLoginFunc.app/AutoLoginFunc";
			};
			name = Debug;
		};
		74DF756F2713844200FA7072 /* Release */ = {
			isa = XCBuildConfiguration;
			buildSettings = {
				ALWAYS_EMBED_SWIFT_STANDARD_LIBRARIES = YES;
				BUNDLE_LOADER = "$(TEST_HOST)";
				CODE_SIGN_STYLE = Automatic;
				CURRENT_PROJECT_VERSION = 1;
				GENERATE_INFOPLIST_FILE = YES;
				IPHONEOS_DEPLOYMENT_TARGET = 15.0;
				LD_RUNPATH_SEARCH_PATHS = (
					"$(inherited)",
					"@executable_path/Frameworks",
					"@loader_path/Frameworks",
				);
				MARKETING_VERSION = 1.0;
				PRODUCT_BUNDLE_IDENTIFIER = com.pucminas.AutoLoginFunc.AutoLoginFuncTests;
				PRODUCT_NAME = "$(TARGET_NAME)";
				SWIFT_EMIT_LOC_STRINGS = NO;
				SWIFT_VERSION = 5.0;
				TARGETED_DEVICE_FAMILY = "1,2";
				TEST_HOST = "$(BUILT_PRODUCTS_DIR)/AutoLoginFunc.app/AutoLoginFunc";
			};
			name = Release;
		};
		74DF75712713844200FA7072 /* Debug */ = {
			isa = XCBuildConfiguration;
			buildSettings = {
				ALWAYS_EMBED_SWIFT_STANDARD_LIBRARIES = YES;
				CODE_SIGN_STYLE = Automatic;
				CURRENT_PROJECT_VERSION = 1;
				GENERATE_INFOPLIST_FILE = YES;
				LD_RUNPATH_SEARCH_PATHS = (
					"$(inherited)",
					"@executable_path/Frameworks",
					"@loader_path/Frameworks",
				);
				MARKETING_VERSION = 1.0;
				PRODUCT_BUNDLE_IDENTIFIER = com.pucminas.AutoLoginFunc.AutoLoginFuncUITests;
				PRODUCT_NAME = "$(TARGET_NAME)";
				SWIFT_EMIT_LOC_STRINGS = NO;
				SWIFT_VERSION = 5.0;
				TARGETED_DEVICE_FAMILY = "1,2";
				TEST_TARGET_NAME = AutoLoginFunc;
			};
			name = Debug;
		};
		74DF75722713844200FA7072 /* Release */ = {
			isa = XCBuildConfiguration;
			buildSettings = {
				ALWAYS_EMBED_SWIFT_STANDARD_LIBRARIES = YES;
				CODE_SIGN_STYLE = Automatic;
				CURRENT_PROJECT_VERSION = 1;
				GENERATE_INFOPLIST_FILE = YES;
				LD_RUNPATH_SEARCH_PATHS = (
					"$(inherited)",
					"@executable_path/Frameworks",
					"@loader_path/Frameworks",
				);
				MARKETING_VERSION = 1.0;
				PRODUCT_BUNDLE_IDENTIFIER = com.pucminas.AutoLoginFunc.AutoLoginFuncUITests;
				PRODUCT_NAME = "$(TARGET_NAME)";
				SWIFT_EMIT_LOC_STRINGS = NO;
				SWIFT_VERSION = 5.0;
				TARGETED_DEVICE_FAMILY = "1,2";
				TEST_TARGET_NAME = AutoLoginFunc;
			};
			name = Release;
		};
/* End XCBuildConfiguration section */

/* Begin XCConfigurationList section */
		74DF753B2713844000FA7072 /* Build configuration list for PBXProject "AutoLoginFunc" */ = {
			isa = XCConfigurationList;
			buildConfigurations = (
				74DF75682713844200FA7072 /* Debug */,
				74DF75692713844200FA7072 /* Release */,
			);
			defaultConfigurationIsVisible = 0;
			defaultConfigurationName = Release;
		};
		74DF756A2713844200FA7072 /* Build configuration list for PBXNativeTarget "AutoLoginFunc" */ = {
			isa = XCConfigurationList;
			buildConfigurations = (
				74DF756B2713844200FA7072 /* Debug */,
				74DF756C2713844200FA7072 /* Release */,
			);
			defaultConfigurationIsVisible = 0;
			defaultConfigurationName = Release;
		};
		74DF756D2713844200FA7072 /* Build configuration list for PBXNativeTarget "AutoLoginFuncTests" */ = {
			isa = XCConfigurationList;
			buildConfigurations = (
				74DF756E2713844200FA7072 /* Debug */,
				74DF756F2713844200FA7072 /* Release */,
			);
			defaultConfigurationIsVisible = 0;
			defaultConfigurationName = Release;
		};
		74DF75702713844200FA7072 /* Build configuration list for PBXNativeTarget "AutoLoginFuncUITests" */ = {
			isa = XCConfigurationList;
			buildConfigurations = (
				74DF75712713844200FA7072 /* Debug */,
				74DF75722713844200FA7072 /* Release */,
			);
			defaultConfigurationIsVisible = 0;
			defaultConfigurationName = Release;
		};
/* End XCConfigurationList section */
	};
	rootObject = 74DF75382713844000FA7072 /* Project object */;
}
